
Microsoft Visual Studio Solution File, Format Version 12.00
# Visual Studio Version 16
VisualStudioVersion = 16.0.30907.101
MinimumVisualStudioVersion = 10.0.40219.1
Project("{FAE04EC0-301F-11D3-BF4B-00C04F79EFBC}") = "NotDefteriApi", "NotDefteriApi\NotDefteriApi.csproj", "{9CC1681A-53C0-4531-8CE3-40BB219F2FA5}"
EndProject
Global
	GlobalSection(SolutionConfigurationPlatforms) = preSolution
		Debug|Any CPU = Debug|Any CPU
		Release|Any CPU = Release|Any CPU
	EndGlobalSection
	GlobalSection(ProjectConfigurationPlatforms) = postSolution
		{9CC1681A-53C0-4531-8CE3-40BB219F2FA5}.Debug|Any CPU.ActiveCfg = Debug|Any CPU
		{9CC1681A-53C0-4531-8CE3-40BB219F2FA5}.Debug|Any CPU.Build.0 = Debug|Any CPU
		{9CC1681A-53C0-4531-8CE3-40BB219F2FA5}.Release|Any CPU.ActiveCfg = Release|Any CPU
		{9CC1681A-53C0-4531-8CE3-40BB219F2FA5}.Release|Any CPU.Build.0 = Release|Any CPU
	EndGlobalSection
	GlobalSection(SolutionProperties) = preSolution
		HideSolutionNode = FALSE
	EndGlobalSection
	GlobalSection(ExtensibilityGlobals) = postSolution
		SolutionGuid = {E214E4E4-0FEB-4C12-B45F-0ED344439789}
	EndGlobalSection
EndGlobal
